<?xml version="1.0" encoding="UTF-8"?>
<Scheme
   LastUpgradeVersion = "1520"
   version = "1.7">
   <BuildAction
      parallelizeBuildables = "YES"
      buildImplicitDependencies = "YES">
      <BuildActionEntries>
         <BuildActionEntry
            buildForTesting = "YES"
            buildForRunning = "YES"
            buildForProfiling = "YES"
            buildForArchiving = "YES"
            buildForAnalyzing = "YES">
            <BuildableReference
               BuildableIdentifier = "primary"
               BlueprintIdentifier = "88570DC92B47185600428C14"
               BuildableName = "t9"
               BlueprintName = "t9"
               ReferencedContainer = "container:t9.xcodeproj">
            </BuildableReference>
         </BuildActionEntry>
      </BuildActionEntries>
   </BuildAction>
   <TestAction
      buildConfiguration = "Debug"
      selectedDebuggerIdentifier = "Xcode.DebuggerFoundation.Debugger.LLDB"
      selectedLauncherIdentifier = "Xcode.DebuggerFoundation.Launcher.LLDB"
      shouldUseLaunchSchemeArgsEnv = "YES"
      shouldAutocreateTestPlan = "YES">
   </TestAction>
   <LaunchAction
      buildConfiguration = "Debug"
      selectedDebuggerIdentifier = "Xcode.DebuggerFoundation.Debugger.LLDB"
      selectedLauncherIdentifier = "Xcode.DebuggerFoundation.Launcher.LLDB"
      launchStyle = "0"
      useCustomWorkingDirectory = "NO"
      ignoresPersistentStateOnLaunch = "NO"
      debugDocumentVersioning = "YES"
      debugServiceExtension = "internal"
      allowLocationSimulation = "YES"
      viewDebuggingEnabled = "No">
      <BuildableProductRunnable
         runnableDebuggingMode = "0">
         <BuildableReference
            BuildableIdentifier = "primary"
            BlueprintIdentifier = "88570DC92B47185600428C14"
            BuildableName = "t9"
            BlueprintName = "t9"
            ReferencedContainer = "container:t9.xcodeproj">
         </BuildableReference>
      </BuildableProductRunnable>
      <CommandLineArguments>
         <CommandLineArgument
            argument = "file:///users/fs/pumpsys.txt"
            isEnabled = "YES">
         </CommandLineArgument>
         <CommandLineArgument
            argument = "file:///users/fs/pumpusr.txt"
            isEnabled = "YES">
         </CommandLineArgument>
         <CommandLineArgument
            argument = "--valsys file:///users/fs/valsys.txt"
            isEnabled = "NO">
         </CommandLineArgument>
         <CommandLineArgument
            argument = "--valusr file:///users/fs/valusr.txt"
            isEnabled = "NO">
         </CommandLineArgument>
         <CommandLineArgument
            argument = "--revalsys file:///users/fs/valsys.txt"
            isEnabled = "NO">
         </CommandLineArgument>
         <CommandLineArgument
            argument = "--revalusr file:///users/fs/valusr.txt"
            isEnabled = "NO">
         </CommandLineArgument>
         <CommandLineArgument
            argument = "--repsys file:///users/fs/repsys.txt"
            isEnabled = "YES">
         </CommandLineArgument>
         <CommandLineArgument
            argument = "--repusr file:///users/fs/repusr.txt"
            isEnabled = "NO">
         </CommandLineArgument>
         <CommandLineArgument
            argument = "--altpump file:///users/fs/altpump.json"
            isEnabled = "NO">
         </CommandLineArgument>
         <CommandLineArgument
            argument = "--pumpedtemplate /users/fs/db/v40/pumped.json"
            isEnabled = "NO">
         </CommandLineArgument>
         <CommandLineArgument
            argument = "--repairedtemplate /users/fs/db/v40/repaired.json"
            isEnabled = "YES">
         </CommandLineArgument>
         <CommandLineArgument
            argument = "--validatedfile /users/fs/db/v40/validated.json"
            isEnabled = "NO">
         </CommandLineArgument>
         <CommandLineArgument
            argument = "--revalidatedfile /users/fs/db/v40/revalidated.json"
            isEnabled = "NO">
         </CommandLineArgument>
         <CommandLineArgument
            argument = "--model gpt-3.5-turbo-16k"
            isEnabled = "NO">
         </CommandLineArgument>
         <CommandLineArgument
            argument = "--model gpt-4"
            isEnabled = "YES">
         </CommandLineArgument>
         <CommandLineArgument
            argument = "-h"
            isEnabled = "NO">
         </CommandLineArgument>
         <CommandLineArgument
            argument = "--timeout  240"
            isEnabled = "YES">
         </CommandLineArgument>
         <CommandLineArgument
            argument = "--maxtokens 7000"
            isEnabled = "NO">
         </CommandLineArgument>
         <CommandLineArgument
            argument = "--looper"
            isEnabled = "NO">
         </CommandLineArgument>
      </CommandLineArguments>
   </LaunchAction>
   <ProfileAction
      buildConfiguration = "Release"
      shouldUseLaunchSchemeArgsEnv = "YES"
      savedToolIdentifier = ""
      useCustomWorkingDirectory = "NO"
      debugDocumentVersioning = "YES">
      <BuildableProductRunnable
         runnableDebuggingMode = "0">
         <BuildableReference
            BuildableIdentifier = "primary"
            BlueprintIdentifier = "88570DC92B47185600428C14"
            BuildableName = "t9"
            BlueprintName = "t9"
            ReferencedContainer = "container:t9.xcodeproj">
         </BuildableReference>
      </BuildableProductRunnable>
   </ProfileAction>
   <AnalyzeAction
      buildConfiguration = "Debug">
   </AnalyzeAction>
   <ArchiveAction
      buildConfiguration = "Release"
      revealArchiveInOrganizer = "YES">
   </ArchiveAction>
</Scheme>
